
Microsoft Visual Studio Solution File, Format Version 12.00
# Visual Studio Version 16
VisualStudioVersion = 16.0.30621.155
MinimumVisualStudioVersion = 10.0.40219.1
Project("{FAE04EC0-301F-11D3-BF4B-00C04F79EFBC}") = "Connections", "Connections\Connections.csproj", "{DE479D3E-F4F4-4B44-A6B9-9DB2E97EA8D3}"
EndProject
Project("{FAE04EC0-301F-11D3-BF4B-00C04F79EFBC}") = "Permutations", "Permutations\Permutations.csproj", "{49FB209D-4F71-4D1F-9712-782570C4D9F8}"
EndProject
Global
	GlobalSection(SolutionConfigurationPlatforms) = preSolution
		Debug|Any CPU = Debug|Any CPU
		Release|Any CPU = Release|Any CPU
	EndGlobalSection
	GlobalSection(ProjectConfigurationPlatforms) = postSolution
		{DE479D3E-F4F4-4B44-A6B9-9DB2E97EA8D3}.Debug|Any CPU.ActiveCfg = Debug|Any CPU
		{DE479D3E-F4F4-4B44-A6B9-9DB2E97EA8D3}.Debug|Any CPU.Build.0 = Debug|Any CPU
		{DE479D3E-F4F4-4B44-A6B9-9DB2E97EA8D3}.Release|Any CPU.ActiveCfg = Release|Any CPU
		{DE479D3E-F4F4-4B44-A6B9-9DB2E97EA8D3}.Release|Any CPU.Build.0 = Release|Any CPU
		{49FB209D-4F71-4D1F-9712-782570C4D9F8}.Debug|Any CPU.ActiveCfg = Debug|Any CPU
		{49FB209D-4F71-4D1F-9712-782570C4D9F8}.Debug|Any CPU.Build.0 = Debug|Any CPU
		{49FB209D-4F71-4D1F-9712-782570C4D9F8}.Release|Any CPU.ActiveCfg = Release|Any CPU
		{49FB209D-4F71-4D1F-9712-782570C4D9F8}.Release|Any CPU.Build.0 = Release|Any CPU
	EndGlobalSection
	GlobalSection(SolutionProperties) = preSolution
		HideSolutionNode = FALSE
	EndGlobalSection
	GlobalSection(ExtensibilityGlobals) = postSolution
		SolutionGuid = {1478600B-EC1C-495F-B141-89752DCA9A67}
	EndGlobalSection
EndGlobal
