
Microsoft Visual Studio Solution File, Format Version 12.00
# Visual Studio Version 16
VisualStudioVersion = 16.0.32228.343
MinimumVisualStudioVersion = 10.0.40219.1
Project("{FAE04EC0-301F-11D3-BF4B-00C04F79EFBC}") = "WebApp_FireAndIce", "WebApp_FireAndIce\WebApp_FireAndIce.csproj", "{5AF44B14-88B2-450A-90B0-0331E235FA8C}"
EndProject
Global
	GlobalSection(SolutionConfigurationPlatforms) = preSolution
		Debug|Any CPU = Debug|Any CPU
		Release|Any CPU = Release|Any CPU
	EndGlobalSection
	GlobalSection(ProjectConfigurationPlatforms) = postSolution
		{5AF44B14-88B2-450A-90B0-0331E235FA8C}.Debug|Any CPU.ActiveCfg = Debug|Any CPU
		{5AF44B14-88B2-450A-90B0-0331E235FA8C}.Debug|Any CPU.Build.0 = Debug|Any CPU
		{5AF44B14-88B2-450A-90B0-0331E235FA8C}.Release|Any CPU.ActiveCfg = Release|Any CPU
		{5AF44B14-88B2-450A-90B0-0331E235FA8C}.Release|Any CPU.Build.0 = Release|Any CPU
	EndGlobalSection
	GlobalSection(SolutionProperties) = preSolution
		HideSolutionNode = FALSE
	EndGlobalSection
	GlobalSection(ExtensibilityGlobals) = postSolution
		SolutionGuid = {1F21BDF0-1D74-4F09-84E8-380B526EC310}
	EndGlobalSection
EndGlobal
